
Microsoft Visual Studio Solution File, Format Version 12.00
Project("{FAE04EC0-301F-11D3-BF4B-00C04F79EFBC}") = "Nuyken.Vegasco.Backend.Microservices.Gateway", "src\Gateway\Nuyken.Vegasco.Backend.Microservices.Gateway.csproj", "{51D75D26-BC7B-4B04-ACE8-096942A83AB9}"
EndProject
Project("{2150E333-8FDC-42A3-9474-1A3956D46DE8}") = "src", "src", "{7F54C6EF-2615-4EC7-9849-74327D2F7B1A}"
EndProject
Global
	GlobalSection(SolutionConfigurationPlatforms) = preSolution
		Debug|Any CPU = Debug|Any CPU
		Release|Any CPU = Release|Any CPU
	EndGlobalSection
	GlobalSection(ProjectConfigurationPlatforms) = postSolution
		{51D75D26-BC7B-4B04-ACE8-096942A83AB9}.Debug|Any CPU.ActiveCfg = Debug|Any CPU
		{51D75D26-BC7B-4B04-ACE8-096942A83AB9}.Debug|Any CPU.Build.0 = Debug|Any CPU
		{51D75D26-BC7B-4B04-ACE8-096942A83AB9}.Release|Any CPU.ActiveCfg = Release|Any CPU
		{51D75D26-BC7B-4B04-ACE8-096942A83AB9}.Release|Any CPU.Build.0 = Release|Any CPU
	EndGlobalSection
	GlobalSection(NestedProjects) = preSolution
		{51D75D26-BC7B-4B04-ACE8-096942A83AB9} = {7F54C6EF-2615-4EC7-9849-74327D2F7B1A}
	EndGlobalSection
EndGlobal
